
Microsoft Visual Studio Solution File, Format Version 11.00
# Visual Studio 2010
Project("{8BC9CEB8-8B4A-11D0-8D11-00A0C91BC942}") = "Face_Gender_Classification", "Face_Gender_Classification.vcxproj", "{36DC4DD3-0B61-479E-9B7C-906BEE601295}"
EndProject
Global
	GlobalSection(SolutionConfigurationPlatforms) = preSolution
		Debug|Win32 = Debug|Win32
		Release|Win32 = Release|Win32
	EndGlobalSection
	GlobalSection(ProjectConfigurationPlatforms) = postSolution
		{36DC4DD3-0B61-479E-9B7C-906BEE601295}.Debug|Win32.ActiveCfg = Debug|Win32
		{36DC4DD3-0B61-479E-9B7C-906BEE601295}.Debug|Win32.Build.0 = Debug|Win32
		{36DC4DD3-0B61-479E-9B7C-906BEE601295}.Release|Win32.ActiveCfg = Release|Win32
		{36DC4DD3-0B61-479E-9B7C-906BEE601295}.Release|Win32.Build.0 = Release|Win32
	EndGlobalSection
	GlobalSection(SolutionProperties) = preSolution
		HideSolutionNode = FALSE
	EndGlobalSection
EndGlobal
